lockfileVersion: '9.0'

settings:
  autoInstallPeers: true
  excludeLinksFromLockfile: false

importers:

  .:
    dependencies:
      '@coderline/alphatab':
        specifier: ^1.7.0
        version: 1.8.3

packages:

  '@coderline/alphatab@1.8.3':
    resolution: {integrity: sha512-gauoZMBL3yzCNn4jz5qhKSmwnlwFpBG+W+HPowiBmPiD6kTH5Ntk3mCUItGqETN7Vl97REXJK6efGKOa13B4Ng==}
    engines: {node: '>=6.0.0'}

snapshots:

  '@coderline/alphatab@1.8.3': {}
